
Microsoft Visual Studio Solution File, Format Version 12.00
# Visual Studio 15
VisualStudioVersion = 15.0.28307.271
MinimumVisualStudioVersion = 10.0.40219.1
Project("{FAE04EC0-301F-11D3-BF4B-00C04F79EFBC}") = "ControleDeReservas", "ControleDeReservas\ControleDeReservas.csproj", "{F66D7282-F45C-46EE-B0E5-24D2D613A00C}"
EndProject
Global
	GlobalSection(SolutionConfigurationPlatforms) = preSolution
		Debug|Any CPU = Debug|Any CPU
		Release|Any CPU = Release|Any CPU
	EndGlobalSection
	GlobalSection(ProjectConfigurationPlatforms) = postSolution
		{F66D7282-F45C-46EE-B0E5-24D2D613A00C}.Debug|Any CPU.ActiveCfg = Debug|Any CPU
		{F66D7282-F45C-46EE-B0E5-24D2D613A00C}.Debug|Any CPU.Build.0 = Debug|Any CPU
		{F66D7282-F45C-46EE-B0E5-24D2D613A00C}.Release|Any CPU.ActiveCfg = Release|Any CPU
		{F66D7282-F45C-46EE-B0E5-24D2D613A00C}.Release|Any CPU.Build.0 = Release|Any CPU
	EndGlobalSection
	GlobalSection(SolutionProperties) = preSolution
		HideSolutionNode = FALSE
	EndGlobalSection
	GlobalSection(ExtensibilityGlobals) = postSolution
		SolutionGuid = {D0ED6153-FED8-4CE9-8A53-79EBDEDB1F89}
	EndGlobalSection
EndGlobal
